
Microsoft Visual Studio Solution File, Format Version 12.00
# Visual Studio 15
VisualStudioVersion = 15.0.26730.16
MinimumVisualStudioVersion = 10.0.40219.1
Project("{FAE04EC0-301F-11D3-BF4B-00C04F79EFBC}") = "DoAndDoWhile", "MyFirstApp\DoAndDoWhile.csproj", "{8CB8C045-9230-4542-9320-71DFDB4169A1}"
EndProject
Global
	GlobalSection(SolutionConfigurationPlatforms) = preSolution
		Debug|Any CPU = Debug|Any CPU
		Release|Any CPU = Release|Any CPU
	EndGlobalSection
	GlobalSection(ProjectConfigurationPlatforms) = postSolution
		{8CB8C045-9230-4542-9320-71DFDB4169A1}.Debug|Any CPU.ActiveCfg = Debug|Any CPU
		{8CB8C045-9230-4542-9320-71DFDB4169A1}.Debug|Any CPU.Build.0 = Debug|Any CPU
		{8CB8C045-9230-4542-9320-71DFDB4169A1}.Release|Any CPU.ActiveCfg = Release|Any CPU
		{8CB8C045-9230-4542-9320-71DFDB4169A1}.Release|Any CPU.Build.0 = Release|Any CPU
	EndGlobalSection
	GlobalSection(SolutionProperties) = preSolution
		HideSolutionNode = FALSE
	EndGlobalSection
	GlobalSection(ExtensibilityGlobals) = postSolution
		SolutionGuid = {F4A1C114-A77F-4669-A0A3-5FD9B1B6C0E9}
	EndGlobalSection
EndGlobal
